
Microsoft Visual Studio Solution File, Format Version 12.00
# Visual Studio Version 17
VisualStudioVersion = 17.14.36811.4
MinimumVisualStudioVersion = 10.0.40219.1
Project("{FAE04EC0-301F-11D3-BF4B-00C04F79EFBC}") = "IncreaseSalary", "IncreaseSalary.csproj", "{7DF54C21-57F7-3A3C-07A2-1B5F32939FAD}"
EndProject
Global
	GlobalSection(SolutionConfigurationPlatforms) = preSolution
		Debug|Any CPU = Debug|Any CPU
		Release|Any CPU = Release|Any CPU
	EndGlobalSection
	GlobalSection(ProjectConfigurationPlatforms) = postSolution
		{7DF54C21-57F7-3A3C-07A2-1B5F32939FAD}.Debug|Any CPU.ActiveCfg = Debug|Any CPU
		{7DF54C21-57F7-3A3C-07A2-1B5F32939FAD}.Debug|Any CPU.Build.0 = Debug|Any CPU
		{7DF54C21-57F7-3A3C-07A2-1B5F32939FAD}.Release|Any CPU.ActiveCfg = Release|Any CPU
		{7DF54C21-57F7-3A3C-07A2-1B5F32939FAD}.Release|Any CPU.Build.0 = Release|Any CPU
	EndGlobalSection
	GlobalSection(SolutionProperties) = preSolution
		HideSolutionNode = FALSE
	EndGlobalSection
	GlobalSection(ExtensibilityGlobals) = postSolution
		SolutionGuid = {704B5BB3-185B-4120-B4DA-1B01D6D68608}
	EndGlobalSection
EndGlobal
