
Microsoft Visual Studio Solution File, Format Version 12.00
# Visual Studio Version 17
VisualStudioVersion = 17.13.35818.85 d17.13
MinimumVisualStudioVersion = 10.0.40219.1
Project("{FAE04EC0-301F-11D3-BF4B-00C04F79EFBC}") = "IncreaseSalary", "IncreaseSalary.csproj", "{EE27DB7F-68E2-671B-83F8-9FAA309B8D10}"
EndProject
Global
	GlobalSection(SolutionConfigurationPlatforms) = preSolution
		Debug|Any CPU = Debug|Any CPU
		Release|Any CPU = Release|Any CPU
	EndGlobalSection
	GlobalSection(ProjectConfigurationPlatforms) = postSolution
		{EE27DB7F-68E2-671B-83F8-9FAA309B8D10}.Debug|Any CPU.ActiveCfg = Debug|Any CPU
		{EE27DB7F-68E2-671B-83F8-9FAA309B8D10}.Debug|Any CPU.Build.0 = Debug|Any CPU
		{EE27DB7F-68E2-671B-83F8-9FAA309B8D10}.Release|Any CPU.ActiveCfg = Release|Any CPU
		{EE27DB7F-68E2-671B-83F8-9FAA309B8D10}.Release|Any CPU.Build.0 = Release|Any CPU
	EndGlobalSection
	GlobalSection(SolutionProperties) = preSolution
		HideSolutionNode = FALSE
	EndGlobalSection
	GlobalSection(ExtensibilityGlobals) = postSolution
		SolutionGuid = {BCDCBA65-13A2-4F05-98B9-851E02D38172}
	EndGlobalSection
EndGlobal
